
Microsoft Visual Studio Solution File, Format Version 12.00
# Visual Studio 15
VisualStudioVersion = 15.0.26124.0
MinimumVisualStudioVersion = 15.0.26124.0
Project("{2150E333-8FDC-42A3-9474-1A3956D46DE8}") = "src", "src", "{F4DB821D-5FE4-4290-884B-C30E6F615725}"
EndProject
Project("{FAE04EC0-301F-11D3-BF4B-00C04F79EFBC}") = "NetGo.Lib", "src\NetGo.Lib\NetGo.Lib.csproj", "{95E9C44B-4973-48F3-85E4-581578D70592}"
EndProject
Project("{FAE04EC0-301F-11D3-BF4B-00C04F79EFBC}") = "NetGo.Web", "src\NetGo.Web\NetGo.Web.csproj", "{89255C2E-9462-49A9-8ABC-435CBA09E5AB}"
EndProject
Global
	GlobalSection(SolutionConfigurationPlatforms) = preSolution
		Debug|Any CPU = Debug|Any CPU
		Debug|x64 = Debug|x64
		Debug|x86 = Debug|x86
		Release|Any CPU = Release|Any CPU
		Release|x64 = Release|x64
		Release|x86 = Release|x86
	EndGlobalSection
	GlobalSection(SolutionProperties) = preSolution
		HideSolutionNode = FALSE
	EndGlobalSection
	GlobalSection(ProjectConfigurationPlatforms) = postSolution
		{95E9C44B-4973-48F3-85E4-581578D70592}.Debug|Any CPU.ActiveCfg = Debug|Any CPU
		{95E9C44B-4973-48F3-85E4-581578D70592}.Debug|Any CPU.Build.0 = Debug|Any CPU
		{95E9C44B-4973-48F3-85E4-581578D70592}.Debug|x64.ActiveCfg = Debug|Any CPU
		{95E9C44B-4973-48F3-85E4-581578D70592}.Debug|x64.Build.0 = Debug|Any CPU
		{95E9C44B-4973-48F3-85E4-581578D70592}.Debug|x86.ActiveCfg = Debug|Any CPU
		{95E9C44B-4973-48F3-85E4-581578D70592}.Debug|x86.Build.0 = Debug|Any CPU
		{95E9C44B-4973-48F3-85E4-581578D70592}.Release|Any CPU.ActiveCfg = Release|Any CPU
		{95E9C44B-4973-48F3-85E4-581578D70592}.Release|Any CPU.Build.0 = Release|Any CPU
		{95E9C44B-4973-48F3-85E4-581578D70592}.Release|x64.ActiveCfg = Release|Any CPU
		{95E9C44B-4973-48F3-85E4-581578D70592}.Release|x64.Build.0 = Release|Any CPU
		{95E9C44B-4973-48F3-85E4-581578D70592}.Release|x86.ActiveCfg = Release|Any CPU
		{95E9C44B-4973-48F3-85E4-581578D70592}.Release|x86.Build.0 = Release|Any CPU
		{89255C2E-9462-49A9-8ABC-435CBA09E5AB}.Debug|Any CPU.ActiveCfg = Debug|Any CPU
		{89255C2E-9462-49A9-8ABC-435CBA09E5AB}.Debug|Any CPU.Build.0 = Debug|Any CPU
		{89255C2E-9462-49A9-8ABC-435CBA09E5AB}.Debug|x64.ActiveCfg = Debug|Any CPU
		{89255C2E-9462-49A9-8ABC-435CBA09E5AB}.Debug|x64.Build.0 = Debug|Any CPU
		{89255C2E-9462-49A9-8ABC-435CBA09E5AB}.Debug|x86.ActiveCfg = Debug|Any CPU
		{89255C2E-9462-49A9-8ABC-435CBA09E5AB}.Debug|x86.Build.0 = Debug|Any CPU
		{89255C2E-9462-49A9-8ABC-435CBA09E5AB}.Release|Any CPU.ActiveCfg = Release|Any CPU
		{89255C2E-9462-49A9-8ABC-435CBA09E5AB}.Release|Any CPU.Build.0 = Release|Any CPU
		{89255C2E-9462-49A9-8ABC-435CBA09E5AB}.Release|x64.ActiveCfg = Release|Any CPU
		{89255C2E-9462-49A9-8ABC-435CBA09E5AB}.Release|x64.Build.0 = Release|Any CPU
		{89255C2E-9462-49A9-8ABC-435CBA09E5AB}.Release|x86.ActiveCfg = Release|Any CPU
		{89255C2E-9462-49A9-8ABC-435CBA09E5AB}.Release|x86.Build.0 = Release|Any CPU
	EndGlobalSection
	GlobalSection(NestedProjects) = preSolution
		{95E9C44B-4973-48F3-85E4-581578D70592} = {F4DB821D-5FE4-4290-884B-C30E6F615725}
		{89255C2E-9462-49A9-8ABC-435CBA09E5AB} = {F4DB821D-5FE4-4290-884B-C30E6F615725}
	EndGlobalSection
EndGlobal
